<?xml version="1.0" encoding="utf-8"?>
<Project ToolsVersion="4.0" xmlns="http://schemas.microsoft.com/developer/msbuild/2003">
  <ItemGroup>
    <Filter Include="Source Files">
      <UniqueIdentifier>{4FC737F1-C7A5-4376-A066-2A32D752A2FF}</UniqueIdentifier>
      <Extensions>cpp;c;cc;cxx;def;odl;idl;hpj;bat;asm;asmx</Extensions>
    </Filter>
    <Filter Include="Header Files">
      <UniqueIdentifier>{93995380-89BD-4b04-88EB-625FBE52EBFB}</UniqueIdentifier>
      <Extensions>h;hh;hpp;hxx;hm;inl;inc;xsd</Extensions>
    </Filter>
    <Filter Include="Resource Files">
      <UniqueIdentifier>{67DA6AB6-F800-4c08-8B7A-83BB121AAD01}</UniqueIdentifier>
      <Extensions>rc;ico;cur;bmp;dlg;rc2;rct;bin;rgs;gif;jpg;jpeg;jpe;resx;tiff;tif;png;wav;mfcribbon-ms</Extensions>
    </Filter>
  </ItemGroup>
  <ItemGroup>
    <ClInclude Include="inc\sqstdaux.h">
      <Filter>Header Files</Filter>
    </ClInclude>
    <ClInclude Include="inc\sqstdblob.h">
      <Filter>Header Files</Filter>
    </ClInclude>
    <ClInclude Include="inc\sqstdio.h">
      <Filter>Header Files</Filter>
    </ClInclude>
    <ClInclude Include="inc\sqstdmath.h">
      <Filter>Header Files</Filter>
    </ClInclude>
    <ClInclude Include="inc\sqstdstring.h">
      <Filter>Header Files</Filter>
    </ClInclude>
    <ClInclude Include="inc\sqstdsystem.h">
      <Filter>Header Files</Filter>
    </ClInclude>
    <ClInclude Include="inc\squirrel.h">
      <Filter>Header Files</Filter>
    </ClInclude>
    <ClInclude Include="src\sqarray.h">
      <Filter>Source Files</Filter>
    </ClInclude>
    <ClInclude Include="src\sqclass.h">
      <Filter>Source Files</Filter>
    </ClInclude>
    <ClInclude Include="src\sqclosure.h">
      <Filter>Source Files</Filter>
    </ClInclude>
    <ClInclude Include="src\sqcompiler.h">
      <Filter>Source Files</Filter>
    </ClInclude>
    <ClInclude Include="src\sqfuncproto.h">
      <Filter>Source Files</Filter>
    </ClInclude>
    <ClInclude Include="src\sqfuncstate.h">
      <Filter>Source Files</Filter>
    </ClInclude>
    <ClInclude Include="src\sqlexer.h">
      <Filter>Source Files</Filter>
    </ClInclude>
    <ClInclude Include="src\sqobject.h">
      <Filter>Source Files</Filter>
    </ClInclude>
    <ClInclude Include="src\sqopcodes.h">
      <Filter>Source Files</Filter>
    </ClInclude>
    <ClInclude Include="src\sqpcheader.h">
      <Filter>Source Files</Filter>
    </ClInclude>
    <ClInclude Include="src\sqstate.h">
      <Filter>Source Files</Filter>
    </ClInclude>
    <ClInclude Include="src\sqstring.h">
      <Filter>Source Files</Filter>
    </ClInclude>
    <ClInclude Include="src\sqtable.h">
      <Filter>Source Files</Filter>
    </ClInclude>
    <ClInclude Include="src\squserdata.h">
      <Filter>Source Files</Filter>
    </ClInclude>
    <ClInclude Include="src\squtils.h">
      <Filter>Source Files</Filter>
    </ClInclude>
    <ClInclude Include="src\sqvm.h">
      <Filter>Source Files</Filter>
    </ClInclude>
  </ItemGroup>
  <ItemGroup>
    <ClCompile Include="src\sqapi.cpp">
      <Filter>Source Files</Filter>
    </ClCompile>
    <ClCompile Include="src\sqbaselib.cpp">
      <Filter>Source Files</Filter>
    </ClCompile>
    <ClCompile Include="src\sqclass.cpp">
      <Filter>Source Files</Filter>
    </ClCompile>
    <ClCompile Include="src\sqcompiler.cpp">
      <Filter>Source Files</Filter>
    </ClCompile>
    <ClCompile Include="src\sqdebug.cpp">
      <Filter>Source Files</Filter>
    </ClCompile>
    <ClCompile Include="src\sqfuncstate.cpp">
      <Filter>Source Files</Filter>
    </ClCompile>
    <ClCompile Include="src\sqlexer.cpp">
      <Filter>Source Files</Filter>
    </ClCompile>
    <ClCompile Include="src\sqmem.cpp">
      <Filter>Source Files</Filter>
    </ClCompile>
    <ClCompile Include="src\sqobject.cpp">
      <Filter>Source Files</Filter>
    </ClCompile>
    <ClCompile Include="src\sqstate.cpp">
      <Filter>Source Files</Filter>
    </ClCompile>
    <ClCompile Include="src\sqtable.cpp">
      <Filter>Source Files</Filter>
    </ClCompile>
    <ClCompile Include="src\sqvm.cpp">
      <Filter>Source Files</Filter>
    </ClCompile>
    <ClCompile Include="makefile">
      <Filter>Source Files</Filter>
    </ClCompile>
  </ItemGroup>
</Project>